<?xml version="1.0" encoding="utf-8"?>
<Project ToolsVersion="4.0" xmlns="http://schemas.microsoft.com/developer/msbuild/2003">
  <ItemGroup>
    <ClCompile Include="src\Vector.cpp" />
    <ClCompile Include="src\Components\SpriteRenderer.cpp" />
    <ClCompile Include="src\EnemyAbstract.cpp" />
    <ClCompile Include="src\Enemy\Grunt.cpp" />
    <ClCompile Include="src\Scene.cpp" />
    <ClCompile Include="src\Components\Component.cpp" />
    <ClCompile Include="src\Components\SquareCollider.cpp" />
    <ClCompile Include="src\GameObject.cpp" />
    <ClCompile Include="src\Maths\Vector2.cpp" />
    <ClCompile Include="src\Components\CharacterControl.cpp" />
  </ItemGroup>
  <ItemGroup>
    <ClInclude Include="include\Components\SpriteRenderer.h" />
    <ClInclude Include="include\Components\SquareCollider.h" />
    <ClInclude Include="include\Components\Component.h" />
    <ClInclude Include="include\EnemyAbstract.h" />
    <ClInclude Include="include\Enemy\Grunt.h" />
    <ClInclude Include="include\GameObject.h" />
    <ClInclude Include="include\Scene.h" />
    <ClInclude Include="include\Maths\Vector2.h" />
    <ClInclude Include="include\Vector.h" />
    <ClInclude Include="include\Components\CharacterControl.h" />
  </ItemGroup>
  <ItemGroup>
    <None Include="include\Maths\Vector2.inl" />
    <None Include="include\Vector.inl" />
  </ItemGroup>
</Project>